// !$*UTF8*$!
{
	archiveVersion = 1;
	classes = {
	};
	objectVersion = 46;
	objects = {

/* Begin PBXBuildFile section */
		AA565F831760FB6100D8C43F /* screen.cpp in Sources */ = {isa = PBXBuildFile; fileRef = AA565F811760FB6100D8C43F /* screen.cpp */; };
		AA565F841760FB6100D8C43F /* screen.h in Headers */ = {isa = PBXBuildFile; fileRef = AA565F821760FB6100D8C43F /* screen.h */; };
/* End PBXBuildFile section */

/* Begin PBXFileReference section */
		AA565F781760FB2300D8C43F /* liblibmycraft.a */ = {isa = PBXFileReference; explicitFileType = archive.ar; includeInIndex = 0; path = liblibmycraft.a; sourceTree = BUILT_PRODUCTS_DIR; };
		AA565F811760FB6100D8C43F /* screen.cpp */ = {isa = PBXFileReference; fileEncoding = 4; lastKnownFileType = sourcecode.cpp.cpp; path = screen.cpp; sourceTree = "<group>"; };
		AA565F821760FB6100D8C43F /* screen.h */ = {isa = PBXFileReference; fileEncoding = 4; lastKnownFileType = sourcecode.c.h; path = screen.h; sourceTree = "<group>"; };
/* End PBXFileReference section */

/* Begin PBXFrameworksBuildPhase section */
		AA565F751760FB2300D8C43F /* Frameworks */ = {
			isa = PBXFrameworksBuildPhase;
			buildActionMask = 2147483647;
			files = (
			);
			runOnlyForDeploymentPostprocessing = 0;
		};
/* End PBXFrameworksBuildPhase section */

/* Begin PBXGroup section */
		AA565F6F1760FB2200D8C43F = {
			isa = PBXGroup;
			children = (
				AA565F811760FB6100D8C43F /* screen.cpp */,
				AA565F821760FB6100D8C43F /* screen.h */,
				AA565F791760FB2300D8C43F /* Products */,
			);
			sourceTree = "<group>";
		};
		AA565F791760FB2300D8C43F /* Products */ = {
			isa = PBXGroup;
			children = (
				AA565F781760FB2300D8C43F /* liblibmycraft.a */,
			);
			name = Products;
			sourceTree = "<group>";
		};
/* End PBXGroup section */

/* Begin PBXHeadersBuildPhase section */
		AA565F761760FB2300D8C43F /* Headers */ = {
			isa = PBXHeadersBuildPhase;
			buildActionMask = 2147483647;
			files = (
				AA565F841760FB6100D8C43F /* screen.h in Headers */,
			);
			runOnlyForDeploymentPostprocessing = 0;
		};
/* End PBXHeadersBuildPhase section */

/* Begin PBXNativeTarget section */
		AA565F771760FB2300D8C43F /* libmycraft */ = {
			isa = PBXNativeTarget;
			buildConfigurationList = AA565F7C1760FB2300D8C43F /* Build configuration list for PBXNativeTarget "libmycraft" */;
			buildPhases = (
				AA565F741760FB2300D8C43F /* Sources */,
				AA565F751760FB2300D8C43F /* Frameworks */,
				AA565F761760FB2300D8C43F /* Headers */,
			);
			buildRules = (
			);
			dependencies = (
			);
			name = libmycraft;
			productName = libmycraft;
			productReference = AA565F781760FB2300D8C43F /* liblibmycraft.a */;
			productType = "com.apple.product-type.library.static";
		};
/* End PBXNativeTarget section */

/* Begin PBXProject section */
		AA565F701760FB2300D8C43F /* Project object */ = {
			isa = PBXProject;
			attributes = {
				LastUpgradeCheck = 0460;
				ORGANIZATIONNAME = "Ethan Laur";
			};
			buildConfigurationList = AA565F731760FB2300D8C43F /* Build configuration list for PBXProject "libmycraft" */;
			compatibilityVersion = "Xcode 3.2";
			developmentRegion = English;
			hasScannedForEncodings = 0;
			knownRegions = (
				en,
			);
			mainGroup = AA565F6F1760FB2200D8C43F;
			productRefGroup = AA565F791760FB2300D8C43F /* Products */;
			projectDirPath = "";
			projectRoot = "";
			targets = (
				AA565F771760FB2300D8C43F /* libmycraft */,
			);
		};
/* End PBXProject section */

/* Begin PBXSourcesBuildPhase section */
		AA565F741760FB2300D8C43F /* Sources */ = {
			isa = PBXSourcesBuildPhase;
			buildActionMask = 2147483647;
			files = (
				AA565F831760FB6100D8C43F /* screen.cpp in Sources */,
			);
			runOnlyForDeploymentPostprocessing = 0;
		};
/* End PBXSourcesBuildPhase section */

/* Begin XCBuildConfiguration section */
		AA565F7A1760FB2300D8C43F /* Debug */ = {
			isa = XCBuildConfiguration;
			buildSettings = {
				ALWAYS_SEARCH_USER_PATHS = NO;
				ARCHS = "$(ARCHS_STANDARD_64_BIT)";
				CLANG_CXX_LANGUAGE_STANDARD = "gnu++0x";
				CLANG_CXX_LIBRARY = "libc++";
				CLANG_WARN_CONSTANT_CONVERSION = YES;
				CLANG_WARN_EMPTY_BODY = YES;
				CLANG_WARN_ENUM_CONVERSION = YES;
				CLANG_WARN_INT_CONVERSION = YES;
				CLANG_WARN__DUPLICATE_METHOD_MATCH = YES;
				COPY_PHASE_STRIP = NO;
				GCC_C_LANGUAGE_STANDARD = gnu99;
				GCC_DYNAMIC_NO_PIC = NO;
				GCC_ENABLE_OBJC_EXCEPTIONS = YES;
				GCC_OPTIMIZATION_LEVEL = 0;
				GCC_PREPROCESSOR_DEFINITIONS = (
					"DEBUG=1",
					"$(inherited)",
				);
				GCC_SYMBOLS_PRIVATE_EXTERN = NO;
				GCC_WARN_64_TO_32_BIT_CONVERSION = YES;
				GCC_WARN_ABOUT_RETURN_TYPE = YES;
				GCC_WARN_UNINITIALIZED_AUTOS = YES;
				GCC_WARN_UNUSED_VARIABLE = YES;
				MACOSX_DEPLOYMENT_TARGET = 10.8;
				ONLY_ACTIVE_ARCH = YES;
				SDKROOT = macosx;
			};
			name = Debug;
		};
		AA565F7B1760FB2300D8C43F /* Release */ = {
			isa = XCBuildConfiguration;
			buildSettings = {
				ALWAYS_SEARCH_USER_PATHS = NO;
				ARCHS = "$(ARCHS_STANDARD_64_BIT)";
				CLANG_CXX_LANGUAGE_STANDARD = "gnu++0x";
				CLANG_CXX_LIBRARY = "libc++";
				CLANG_WARN_CONSTANT_CONVERSION = YES;
				CLANG_WARN_EMPTY_BODY = YES;
				CLANG_WARN_ENUM_CONVERSION = YES;
				CLANG_WARN_INT_CONVERSION = YES;
				CLANG_WARN__DUPLICATE_METHOD_MATCH = YES;
				COPY_PHASE_STRIP = YES;
				DEBUG_INFORMATION_FORMAT = "dwarf-with-dsym";
				GCC_C_LANGUAGE_STANDARD = gnu99;
				GCC_ENABLE_OBJC_EXCEPTIONS = YES;
				GCC_WARN_64_TO_32_BIT_CONVERSION = YES;
				GCC_WARN_ABOUT_RETURN_TYPE = YES;
				GCC_WARN_UNINITIALIZED_AUTOS = YES;
				GCC_WARN_UNUSED_VARIABLE = YES;
				MACOSX_DEPLOYMENT_TARGET = 10.8;
				SDKROOT = macosx;
			};
			name = Release;
		};
		AA565F7D1760FB2300D8C43F /* Debug */ = {
			isa = XCBuildConfiguration;
			buildSettings = {
				EXECUTABLE_PREFIX = lib;
				PRODUCT_NAME = "$(TARGET_NAME)";
			};
			name = Debug;
		};
		AA565F7E1760FB2300D8C43F /* Release */ = {
			isa = XCBuildConfiguration;
			buildSettings = {
				EXECUTABLE_PREFIX = lib;
				PRODUCT_NAME = "$(TARGET_NAME)";
			};
			name = Release;
		};
/* End XCBuildConfiguration section */

/* Begin XCConfigurationList section */
		AA565F731760FB2300D8C43F /* Build configuration list for PBXProject "libmycraft" */ = {
			isa = XCConfigurationList;
			buildConfigurations = (
				AA565F7A1760FB2300D8C43F /* Debug */,
				AA565F7B1760FB2300D8C43F /* Release */,
			);
			defaultConfigurationIsVisible = 0;
			defaultConfigurationName = Release;
		};
		AA565F7C1760FB2300D8C43F /* Build configuration list for PBXNativeTarget "libmycraft" */ = {
			isa = XCConfigurationList;
			buildConfigurations = (
				AA565F7D1760FB2300D8C43F /* Debug */,
				AA565F7E1760FB2300D8C43F /* Release */,
			);
			defaultConfigurationIsVisible = 0;
			defaultConfigurationName = Release;
		};
/* End XCConfigurationList section */
	};
	rootObject = AA565F701760FB2300D8C43F /* Project object */;
}
