// !$*UTF8*$!
{
	archiveVersion = 1;
	classes = {
	};
	objectVersion = 46;
	objects = {

/* Begin PBXBuildFile section */
		AA36FD7E175EBD6C001D7D82 /* box.cpp in Sources */ = {isa = PBXBuildFile; fileRef = AA36FD7C175EBD6C001D7D82 /* box.cpp */; };
		AA36FD7F175EBD6C001D7D82 /* box.h in Headers */ = {isa = PBXBuildFile; fileRef = AA36FD7D175EBD6C001D7D82 /* box.h */; };
		AA36FD83175EBE97001D7D82 /* rectangle.cpp in Sources */ = {isa = PBXBuildFile; fileRef = AA36FD81175EBE97001D7D82 /* rectangle.cpp */; };
		AA36FD84175EBE97001D7D82 /* rectangle.h in Headers */ = {isa = PBXBuildFile; fileRef = AA36FD82175EBE97001D7D82 /* rectangle.h */; };
		AA36FD88175EE95B001D7D82 /* circle.cpp in Sources */ = {isa = PBXBuildFile; fileRef = AA36FD86175EE95B001D7D82 /* circle.cpp */; };
		AA36FD89175EE95B001D7D82 /* circle.h in Headers */ = {isa = PBXBuildFile; fileRef = AA36FD87175EE95B001D7D82 /* circle.h */; };
		AA36FD8C175FA2A0001D7D82 /* frame.cpp in Sources */ = {isa = PBXBuildFile; fileRef = AA36FD8A175FA2A0001D7D82 /* frame.cpp */; };
		AA36FD8D175FA2A0001D7D82 /* frame.h in Headers */ = {isa = PBXBuildFile; fileRef = AA36FD8B175FA2A0001D7D82 /* frame.h */; };
/* End PBXBuildFile section */

/* Begin PBXFileReference section */
		AA36FD75175EBD56001D7D82 /* liblibgraphics.a */ = {isa = PBXFileReference; explicitFileType = archive.ar; includeInIndex = 0; path = liblibgraphics.a; sourceTree = BUILT_PRODUCTS_DIR; };
		AA36FD7C175EBD6C001D7D82 /* box.cpp */ = {isa = PBXFileReference; fileEncoding = 4; lastKnownFileType = sourcecode.cpp.cpp; path = box.cpp; sourceTree = "<group>"; };
		AA36FD7D175EBD6C001D7D82 /* box.h */ = {isa = PBXFileReference; fileEncoding = 4; lastKnownFileType = sourcecode.c.h; path = box.h; sourceTree = "<group>"; };
		AA36FD80175EBD7E001D7D82 /* externals.h */ = {isa = PBXFileReference; lastKnownFileType = sourcecode.c.h; path = externals.h; sourceTree = "<group>"; };
		AA36FD81175EBE97001D7D82 /* rectangle.cpp */ = {isa = PBXFileReference; fileEncoding = 4; lastKnownFileType = sourcecode.cpp.cpp; path = rectangle.cpp; sourceTree = "<group>"; };
		AA36FD82175EBE97001D7D82 /* rectangle.h */ = {isa = PBXFileReference; fileEncoding = 4; lastKnownFileType = sourcecode.c.h; path = rectangle.h; sourceTree = "<group>"; };
		AA36FD85175EBF4E001D7D82 /* graphics.h */ = {isa = PBXFileReference; lastKnownFileType = sourcecode.c.h; path = graphics.h; sourceTree = "<group>"; };
		AA36FD86175EE95B001D7D82 /* circle.cpp */ = {isa = PBXFileReference; fileEncoding = 4; lastKnownFileType = sourcecode.cpp.cpp; path = circle.cpp; sourceTree = "<group>"; };
		AA36FD87175EE95B001D7D82 /* circle.h */ = {isa = PBXFileReference; fileEncoding = 4; lastKnownFileType = sourcecode.c.h; path = circle.h; sourceTree = "<group>"; };
		AA36FD8A175FA2A0001D7D82 /* frame.cpp */ = {isa = PBXFileReference; fileEncoding = 4; lastKnownFileType = sourcecode.cpp.cpp; path = frame.cpp; sourceTree = "<group>"; };
		AA36FD8B175FA2A0001D7D82 /* frame.h */ = {isa = PBXFileReference; fileEncoding = 4; lastKnownFileType = sourcecode.c.h; path = frame.h; sourceTree = "<group>"; };
/* End PBXFileReference section */

/* Begin PBXFrameworksBuildPhase section */
		AA36FD72175EBD56001D7D82 /* Frameworks */ = {
			isa = PBXFrameworksBuildPhase;
			buildActionMask = 2147483647;
			files = (
			);
			runOnlyForDeploymentPostprocessing = 0;
		};
/* End PBXFrameworksBuildPhase section */

/* Begin PBXGroup section */
		AA36FD6C175EBD55001D7D82 = {
			isa = PBXGroup;
			children = (
				AA36FD7C175EBD6C001D7D82 /* box.cpp */,
				AA36FD86175EE95B001D7D82 /* circle.cpp */,
				AA36FD87175EE95B001D7D82 /* circle.h */,
				AA36FD7D175EBD6C001D7D82 /* box.h */,
				AA36FD81175EBE97001D7D82 /* rectangle.cpp */,
				AA36FD82175EBE97001D7D82 /* rectangle.h */,
				AA36FD85175EBF4E001D7D82 /* graphics.h */,
				AA36FD8A175FA2A0001D7D82 /* frame.cpp */,
				AA36FD8B175FA2A0001D7D82 /* frame.h */,
				AA36FD80175EBD7E001D7D82 /* externals.h */,
				AA36FD76175EBD56001D7D82 /* Products */,
			);
			sourceTree = "<group>";
		};
		AA36FD76175EBD56001D7D82 /* Products */ = {
			isa = PBXGroup;
			children = (
				AA36FD75175EBD56001D7D82 /* liblibgraphics.a */,
			);
			name = Products;
			sourceTree = "<group>";
		};
/* End PBXGroup section */

/* Begin PBXHeadersBuildPhase section */
		AA36FD73175EBD56001D7D82 /* Headers */ = {
			isa = PBXHeadersBuildPhase;
			buildActionMask = 2147483647;
			files = (
				AA36FD7F175EBD6C001D7D82 /* box.h in Headers */,
				AA36FD84175EBE97001D7D82 /* rectangle.h in Headers */,
				AA36FD89175EE95B001D7D82 /* circle.h in Headers */,
				AA36FD8D175FA2A0001D7D82 /* frame.h in Headers */,
			);
			runOnlyForDeploymentPostprocessing = 0;
		};
/* End PBXHeadersBuildPhase section */

/* Begin PBXNativeTarget section */
		AA36FD74175EBD56001D7D82 /* libgraphics */ = {
			isa = PBXNativeTarget;
			buildConfigurationList = AA36FD79175EBD56001D7D82 /* Build configuration list for PBXNativeTarget "libgraphics" */;
			buildPhases = (
				AA36FD71175EBD56001D7D82 /* Sources */,
				AA36FD72175EBD56001D7D82 /* Frameworks */,
				AA36FD73175EBD56001D7D82 /* Headers */,
			);
			buildRules = (
			);
			dependencies = (
			);
			name = libgraphics;
			productName = libgraphics;
			productReference = AA36FD75175EBD56001D7D82 /* liblibgraphics.a */;
			productType = "com.apple.product-type.library.static";
		};
/* End PBXNativeTarget section */

/* Begin PBXProject section */
		AA36FD6D175EBD55001D7D82 /* Project object */ = {
			isa = PBXProject;
			attributes = {
				LastUpgradeCheck = 0460;
				ORGANIZATIONNAME = "Ethan Laur";
			};
			buildConfigurationList = AA36FD70175EBD55001D7D82 /* Build configuration list for PBXProject "libgraphics" */;
			compatibilityVersion = "Xcode 3.2";
			developmentRegion = English;
			hasScannedForEncodings = 0;
			knownRegions = (
				en,
			);
			mainGroup = AA36FD6C175EBD55001D7D82;
			productRefGroup = AA36FD76175EBD56001D7D82 /* Products */;
			projectDirPath = "";
			projectRoot = "";
			targets = (
				AA36FD74175EBD56001D7D82 /* libgraphics */,
			);
		};
/* End PBXProject section */

/* Begin PBXSourcesBuildPhase section */
		AA36FD71175EBD56001D7D82 /* Sources */ = {
			isa = PBXSourcesBuildPhase;
			buildActionMask = 2147483647;
			files = (
				AA36FD7E175EBD6C001D7D82 /* box.cpp in Sources */,
				AA36FD83175EBE97001D7D82 /* rectangle.cpp in Sources */,
				AA36FD88175EE95B001D7D82 /* circle.cpp in Sources */,
				AA36FD8C175FA2A0001D7D82 /* frame.cpp in Sources */,
			);
			runOnlyForDeploymentPostprocessing = 0;
		};
/* End PBXSourcesBuildPhase section */

/* Begin XCBuildConfiguration section */
		AA36FD77175EBD56001D7D82 /* Debug */ = {
			isa = XCBuildConfiguration;
			buildSettings = {
				ALWAYS_SEARCH_USER_PATHS = NO;
				ARCHS = "$(ARCHS_STANDARD_64_BIT)";
				CLANG_CXX_LANGUAGE_STANDARD = "gnu++0x";
				CLANG_CXX_LIBRARY = "libc++";
				CLANG_WARN_CONSTANT_CONVERSION = YES;
				CLANG_WARN_EMPTY_BODY = YES;
				CLANG_WARN_ENUM_CONVERSION = YES;
				CLANG_WARN_INT_CONVERSION = YES;
				CLANG_WARN__DUPLICATE_METHOD_MATCH = YES;
				COPY_PHASE_STRIP = NO;
				GCC_C_LANGUAGE_STANDARD = gnu99;
				GCC_DYNAMIC_NO_PIC = NO;
				GCC_ENABLE_OBJC_EXCEPTIONS = YES;
				GCC_OPTIMIZATION_LEVEL = 0;
				GCC_PREPROCESSOR_DEFINITIONS = (
					"DEBUG=1",
					"$(inherited)",
				);
				GCC_SYMBOLS_PRIVATE_EXTERN = NO;
				GCC_WARN_64_TO_32_BIT_CONVERSION = YES;
				GCC_WARN_ABOUT_RETURN_TYPE = YES;
				GCC_WARN_UNINITIALIZED_AUTOS = YES;
				GCC_WARN_UNUSED_VARIABLE = YES;
				MACOSX_DEPLOYMENT_TARGET = 10.8;
				ONLY_ACTIVE_ARCH = YES;
				SDKROOT = macosx;
			};
			name = Debug;
		};
		AA36FD78175EBD56001D7D82 /* Release */ = {
			isa = XCBuildConfiguration;
			buildSettings = {
				ALWAYS_SEARCH_USER_PATHS = NO;
				ARCHS = "$(ARCHS_STANDARD_64_BIT)";
				CLANG_CXX_LANGUAGE_STANDARD = "gnu++0x";
				CLANG_CXX_LIBRARY = "libc++";
				CLANG_WARN_CONSTANT_CONVERSION = YES;
				CLANG_WARN_EMPTY_BODY = YES;
				CLANG_WARN_ENUM_CONVERSION = YES;
				CLANG_WARN_INT_CONVERSION = YES;
				CLANG_WARN__DUPLICATE_METHOD_MATCH = YES;
				COPY_PHASE_STRIP = YES;
				DEBUG_INFORMATION_FORMAT = "dwarf-with-dsym";
				GCC_C_LANGUAGE_STANDARD = gnu99;
				GCC_ENABLE_OBJC_EXCEPTIONS = YES;
				GCC_WARN_64_TO_32_BIT_CONVERSION = YES;
				GCC_WARN_ABOUT_RETURN_TYPE = YES;
				GCC_WARN_UNINITIALIZED_AUTOS = YES;
				GCC_WARN_UNUSED_VARIABLE = YES;
				MACOSX_DEPLOYMENT_TARGET = 10.8;
				SDKROOT = macosx;
			};
			name = Release;
		};
		AA36FD7A175EBD56001D7D82 /* Debug */ = {
			isa = XCBuildConfiguration;
			buildSettings = {
				EXECUTABLE_PREFIX = lib;
				PRODUCT_NAME = "$(TARGET_NAME)";
			};
			name = Debug;
		};
		AA36FD7B175EBD56001D7D82 /* Release */ = {
			isa = XCBuildConfiguration;
			buildSettings = {
				EXECUTABLE_PREFIX = lib;
				PRODUCT_NAME = "$(TARGET_NAME)";
			};
			name = Release;
		};
/* End XCBuildConfiguration section */

/* Begin XCConfigurationList section */
		AA36FD70175EBD55001D7D82 /* Build configuration list for PBXProject "libgraphics" */ = {
			isa = XCConfigurationList;
			buildConfigurations = (
				AA36FD77175EBD56001D7D82 /* Debug */,
				AA36FD78175EBD56001D7D82 /* Release */,
			);
			defaultConfigurationIsVisible = 0;
			defaultConfigurationName = Release;
		};
		AA36FD79175EBD56001D7D82 /* Build configuration list for PBXNativeTarget "libgraphics" */ = {
			isa = XCConfigurationList;
			buildConfigurations = (
				AA36FD7A175EBD56001D7D82 /* Debug */,
				AA36FD7B175EBD56001D7D82 /* Release */,
			);
			defaultConfigurationIsVisible = 0;
		};
/* End XCConfigurationList section */
	};
	rootObject = AA36FD6D175EBD55001D7D82 /* Project object */;
}
