// !$*UTF8*$!
{
	archiveVersion = 1;
	classes = {
	};
	objectVersion = 46;
	objects = {

/* Begin PBXBuildFile section */
		AA565F9917610B3A00D8C43F /* perspective.cpp in Sources */ = {isa = PBXBuildFile; fileRef = AA565F9717610B3A00D8C43F /* perspective.cpp */; };
		AA565F9A17610B3A00D8C43F /* perspective.h in Headers */ = {isa = PBXBuildFile; fileRef = AA565F9817610B3A00D8C43F /* perspective.h */; };
/* End PBXBuildFile section */

/* Begin PBXFileReference section */
		AA565F9017610B2900D8C43F /* liblibperspective.a */ = {isa = PBXFileReference; explicitFileType = archive.ar; includeInIndex = 0; path = liblibperspective.a; sourceTree = BUILT_PRODUCTS_DIR; };
		AA565F9717610B3A00D8C43F /* perspective.cpp */ = {isa = PBXFileReference; fileEncoding = 4; lastKnownFileType = sourcecode.cpp.cpp; path = perspective.cpp; sourceTree = "<group>"; };
		AA565F9817610B3A00D8C43F /* perspective.h */ = {isa = PBXFileReference; fileEncoding = 4; lastKnownFileType = sourcecode.c.h; path = perspective.h; sourceTree = "<group>"; };
/* End PBXFileReference section */

/* Begin PBXFrameworksBuildPhase section */
		AA565F8D17610B2900D8C43F /* Frameworks */ = {
			isa = PBXFrameworksBuildPhase;
			buildActionMask = 2147483647;
			files = (
			);
			runOnlyForDeploymentPostprocessing = 0;
		};
/* End PBXFrameworksBuildPhase section */

/* Begin PBXGroup section */
		AA565F8717610B2900D8C43F = {
			isa = PBXGroup;
			children = (
				AA565F9717610B3A00D8C43F /* perspective.cpp */,
				AA565F9817610B3A00D8C43F /* perspective.h */,
				AA565F9117610B2900D8C43F /* Products */,
			);
			sourceTree = "<group>";
		};
		AA565F9117610B2900D8C43F /* Products */ = {
			isa = PBXGroup;
			children = (
				AA565F9017610B2900D8C43F /* liblibperspective.a */,
			);
			name = Products;
			sourceTree = "<group>";
		};
/* End PBXGroup section */

/* Begin PBXHeadersBuildPhase section */
		AA565F8E17610B2900D8C43F /* Headers */ = {
			isa = PBXHeadersBuildPhase;
			buildActionMask = 2147483647;
			files = (
				AA565F9A17610B3A00D8C43F /* perspective.h in Headers */,
			);
			runOnlyForDeploymentPostprocessing = 0;
		};
/* End PBXHeadersBuildPhase section */

/* Begin PBXNativeTarget section */
		AA565F8F17610B2900D8C43F /* libperspective */ = {
			isa = PBXNativeTarget;
			buildConfigurationList = AA565F9417610B2900D8C43F /* Build configuration list for PBXNativeTarget "libperspective" */;
			buildPhases = (
				AA565F8C17610B2900D8C43F /* Sources */,
				AA565F8D17610B2900D8C43F /* Frameworks */,
				AA565F8E17610B2900D8C43F /* Headers */,
			);
			buildRules = (
			);
			dependencies = (
			);
			name = libperspective;
			productName = libperspective;
			productReference = AA565F9017610B2900D8C43F /* liblibperspective.a */;
			productType = "com.apple.product-type.library.static";
		};
/* End PBXNativeTarget section */

/* Begin PBXProject section */
		AA565F8817610B2900D8C43F /* Project object */ = {
			isa = PBXProject;
			attributes = {
				LastUpgradeCheck = 0460;
				ORGANIZATIONNAME = "Ethan Laur";
			};
			buildConfigurationList = AA565F8B17610B2900D8C43F /* Build configuration list for PBXProject "libperspective" */;
			compatibilityVersion = "Xcode 3.2";
			developmentRegion = English;
			hasScannedForEncodings = 0;
			knownRegions = (
				en,
			);
			mainGroup = AA565F8717610B2900D8C43F;
			productRefGroup = AA565F9117610B2900D8C43F /* Products */;
			projectDirPath = "";
			projectRoot = "";
			targets = (
				AA565F8F17610B2900D8C43F /* libperspective */,
			);
		};
/* End PBXProject section */

/* Begin PBXSourcesBuildPhase section */
		AA565F8C17610B2900D8C43F /* Sources */ = {
			isa = PBXSourcesBuildPhase;
			buildActionMask = 2147483647;
			files = (
				AA565F9917610B3A00D8C43F /* perspective.cpp in Sources */,
			);
			runOnlyForDeploymentPostprocessing = 0;
		};
/* End PBXSourcesBuildPhase section */

/* Begin XCBuildConfiguration section */
		AA565F9217610B2900D8C43F /* Debug */ = {
			isa = XCBuildConfiguration;
			buildSettings = {
				ALWAYS_SEARCH_USER_PATHS = NO;
				ARCHS = "$(ARCHS_STANDARD_64_BIT)";
				CLANG_CXX_LANGUAGE_STANDARD = "gnu++0x";
				CLANG_CXX_LIBRARY = "libc++";
				CLANG_WARN_CONSTANT_CONVERSION = YES;
				CLANG_WARN_EMPTY_BODY = YES;
				CLANG_WARN_ENUM_CONVERSION = YES;
				CLANG_WARN_INT_CONVERSION = YES;
				CLANG_WARN__DUPLICATE_METHOD_MATCH = YES;
				COPY_PHASE_STRIP = NO;
				GCC_C_LANGUAGE_STANDARD = gnu99;
				GCC_DYNAMIC_NO_PIC = NO;
				GCC_ENABLE_OBJC_EXCEPTIONS = YES;
				GCC_OPTIMIZATION_LEVEL = 0;
				GCC_PREPROCESSOR_DEFINITIONS = (
					"DEBUG=1",
					"$(inherited)",
				);
				GCC_SYMBOLS_PRIVATE_EXTERN = NO;
				GCC_WARN_64_TO_32_BIT_CONVERSION = YES;
				GCC_WARN_ABOUT_RETURN_TYPE = YES;
				GCC_WARN_UNINITIALIZED_AUTOS = YES;
				GCC_WARN_UNUSED_VARIABLE = YES;
				MACOSX_DEPLOYMENT_TARGET = 10.8;
				ONLY_ACTIVE_ARCH = YES;
				SDKROOT = macosx;
			};
			name = Debug;
		};
		AA565F9317610B2900D8C43F /* Release */ = {
			isa = XCBuildConfiguration;
			buildSettings = {
				ALWAYS_SEARCH_USER_PATHS = NO;
				ARCHS = "$(ARCHS_STANDARD_64_BIT)";
				CLANG_CXX_LANGUAGE_STANDARD = "gnu++0x";
				CLANG_CXX_LIBRARY = "libc++";
				CLANG_WARN_CONSTANT_CONVERSION = YES;
				CLANG_WARN_EMPTY_BODY = YES;
				CLANG_WARN_ENUM_CONVERSION = YES;
				CLANG_WARN_INT_CONVERSION = YES;
				CLANG_WARN__DUPLICATE_METHOD_MATCH = YES;
				COPY_PHASE_STRIP = YES;
				DEBUG_INFORMATION_FORMAT = "dwarf-with-dsym";
				GCC_C_LANGUAGE_STANDARD = gnu99;
				GCC_ENABLE_OBJC_EXCEPTIONS = YES;
				GCC_WARN_64_TO_32_BIT_CONVERSION = YES;
				GCC_WARN_ABOUT_RETURN_TYPE = YES;
				GCC_WARN_UNINITIALIZED_AUTOS = YES;
				GCC_WARN_UNUSED_VARIABLE = YES;
				MACOSX_DEPLOYMENT_TARGET = 10.8;
				SDKROOT = macosx;
			};
			name = Release;
		};
		AA565F9517610B2900D8C43F /* Debug */ = {
			isa = XCBuildConfiguration;
			buildSettings = {
				EXECUTABLE_PREFIX = lib;
				PRODUCT_NAME = "$(TARGET_NAME)";
			};
			name = Debug;
		};
		AA565F9617610B2900D8C43F /* Release */ = {
			isa = XCBuildConfiguration;
			buildSettings = {
				EXECUTABLE_PREFIX = lib;
				PRODUCT_NAME = "$(TARGET_NAME)";
			};
			name = Release;
		};
/* End XCBuildConfiguration section */

/* Begin XCConfigurationList section */
		AA565F8B17610B2900D8C43F /* Build configuration list for PBXProject "libperspective" */ = {
			isa = XCConfigurationList;
			buildConfigurations = (
				AA565F9217610B2900D8C43F /* Debug */,
				AA565F9317610B2900D8C43F /* Release */,
			);
			defaultConfigurationIsVisible = 0;
			defaultConfigurationName = Release;
		};
		AA565F9417610B2900D8C43F /* Build configuration list for PBXNativeTarget "libperspective" */ = {
			isa = XCConfigurationList;
			buildConfigurations = (
				AA565F9517610B2900D8C43F /* Debug */,
				AA565F9617610B2900D8C43F /* Release */,
			);
			defaultConfigurationIsVisible = 0;
		};
/* End XCConfigurationList section */
	};
	rootObject = AA565F8817610B2900D8C43F /* Project object */;
}
